{
  "nodes": {
    "crane": {
      "locked": {
        "lastModified": 1778106249,
        "narHash": "sha256-cM/AuKy5tMhwOOQIbha8ZRRMHVfNf7cv2aljIw+qoCg=",
        "owner": "ipetkov",
        "repo": "crane",
        "rev": "6d015ea29630b7ad2402841386da2cb617a470a7",
        "type": "github"
      },
      "original": {
        "owner": "ipetkov",
        "repo": "crane",
        "type": "github"
      }
    },
    "helix": {
      "inputs": {
        "nixpkgs": [
          "nixpkgs"
        ],
        "rust-overlay": "rust-overlay"
      },
      "locked": {
        "lastModified": 1778293569,
        "narHash": "sha256-+090DLPNNsDoYpAEgH9r5+8n0jQSbL7/5ThUJIT2yGg=",
        "owner": "mattwparas",
        "repo": "helix",
        "rev": "47b4664ac868b334c9cb914d6b6bfa2045249d13",
        "type": "github"
      },
      "original": {
        "owner": "mattwparas",
        "ref": "steel-event-system",
        "repo": "helix",
        "type": "github"
      }
    },
    "nixpkgs": {
      "locked": {
        "lastModified": 1777954456,
        "narHash": "sha256-hGdgeU2Nk87RAuZyYjyDjFL6LK7dAZN5RE9+hrDTkDU=",
        "owner": "NixOS",
        "repo": "nixpkgs",
        "rev": "549bd84d6279f9852cae6225e372cc67fb91a4c1",
        "type": "github"
      },
      "original": {
        "owner": "NixOS",
        "ref": "nixos-unstable",
        "repo": "nixpkgs",
        "type": "github"
      }
    },
    "root": {
      "inputs": {
        "crane": "crane",
        "helix": "helix",
        "nixpkgs": "nixpkgs"
      }
    },
    "rust-overlay": {
      "inputs": {
        "nixpkgs": [
          "helix",
          "nixpkgs"
        ]
      },
      "locked": {
        "lastModified": 1775358767,
        "narHash": "sha256-f2eC+WIfhjevCPQILuV08i/kmKZzYZpUvkom/33VxCA=",
        "owner": "oxalica",
        "repo": "rust-overlay",
        "rev": "20fd44bc663daa53a2575e01293e24e681d62244",
        "type": "github"
      },
      "original": {
        "owner": "oxalica",
        "repo": "rust-overlay",
        "type": "github"
      }
    }
  },
  "root": "root",
  "version": 7
}
